// !$*UTF8*$!
{
	archiveVersion = 1;
	classes = {
	};
	objectVersion = 70;
	objects = {

/* Begin PBXBuildFile section */
		F407C82A894AC5E47254896D /* MarkdownUI in Frameworks */ = {isa = PBXBuildFile; productRef = 6AB665CFC21326FC4E65D158 /* MarkdownUI */; };
/* End PBXBuildFile section */

/* Begin PBXContainerItemProxy section */
		A9CC3E7A7DFDA63EB180C8C8 /* PBXContainerItemProxy */ = {
			isa = PBXContainerItemProxy;
			containerPortal = 7D3D556A4EDF778F648F7C03 /* Project object */;
			proxyType = 1;
			remoteGlobalIDString = 77DDBDE73C0F5B68CCE8320F;
			remoteInfo = SamApp;
		};
		F756CDC8AFB45F9015A23F91 /* PBXContainerItemProxy */ = {
			isa = PBXContainerItemProxy;
			containerPortal = 7D3D556A4EDF778F648F7C03 /* Project object */;
			proxyType = 1;
			remoteGlobalIDString = 77DDBDE73C0F5B68CCE8320F;
			remoteInfo = SamApp;
		};
/* End PBXContainerItemProxy section */

/* Begin PBXFileReference section */
		3FCD83829179A6EB72DBB39C /* SamApp.app */ = {isa = PBXFileReference; explicitFileType = wrapper.application; includeInIndex = 0; path = SamApp.app; sourceTree = BUILT_PRODUCTS_DIR; };
		67CBC48211835EBED4448C0B /* SamAppUITests.xctest */ = {isa = PBXFileReference; includeInIndex = 0; lastKnownFileType = wrapper.cfbundle; path = SamAppUITests.xctest; sourceTree = BUILT_PRODUCTS_DIR; };
		CE4ACC82B61BBEB6C2A7AB3A /* SamAppTests.xctest */ = {isa = PBXFileReference; includeInIndex = 0; lastKnownFileType = wrapper.cfbundle; path = SamAppTests.xctest; sourceTree = BUILT_PRODUCTS_DIR; };
/* End PBXFileReference section */

/* Begin PBXFileSystemSynchronizedRootGroup section */
		CFCD44DD2F5C4DAF000D1E00 /* SamApp */ = {isa = PBXFileSystemSynchronizedRootGroup; explicitFileTypes = {}; explicitFolders = (); path = SamApp; sourceTree = "<group>"; };
		CFCD451F2F5C4DB9000D1E00 /* SamAppTests */ = {isa = PBXFileSystemSynchronizedRootGroup; explicitFileTypes = {}; explicitFolders = (); path = SamAppTests; sourceTree = "<group>"; };
		CFCD45222F5C4DC1000D1E00 /* SamAppUITests */ = {isa = PBXFileSystemSynchronizedRootGroup; explicitFileTypes = {}; explicitFolders = (); path = SamAppUITests; sourceTree = "<group>"; };
/* End PBXFileSystemSynchronizedRootGroup section */

/* Begin PBXFrameworksBuildPhase section */
		9C6088F312E8D4D2FA904AEA /* Frameworks */ = {
			isa = PBXFrameworksBuildPhase;
			buildActionMask = 2147483647;
			files = (
				F407C82A894AC5E47254896D /* MarkdownUI in Frameworks */,
			);
			runOnlyForDeploymentPostprocessing = 0;
		};
/* End PBXFrameworksBuildPhase section */

/* Begin PBXGroup section */
		282564E69A3AD02A45CB1E66 = {
			isa = PBXGroup;
			children = (
				CFCD44DD2F5C4DAF000D1E00 /* SamApp */,
				CFCD451F2F5C4DB9000D1E00 /* SamAppTests */,
				CFCD45222F5C4DC1000D1E00 /* SamAppUITests */,
				30F37F5C8F1BDBF6453365F7 /* Products */,
			);
			sourceTree = "<group>";
		};
		30F37F5C8F1BDBF6453365F7 /* Products */ = {
			isa = PBXGroup;
			children = (
				3FCD83829179A6EB72DBB39C /* SamApp.app */,
				CE4ACC82B61BBEB6C2A7AB3A /* SamAppTests.xctest */,
				67CBC48211835EBED4448C0B /* SamAppUITests.xctest */,
			);
			name = Products;
			sourceTree = "<group>";
		};
/* End PBXGroup section */

/* Begin PBXNativeTarget section */
		13A90444415789AA0549DF21 /* SamAppUITests */ = {
			isa = PBXNativeTarget;
			buildConfigurationList = DC551195904633A12E5B0EC0 /* Build configuration list for PBXNativeTarget "SamAppUITests" */;
			buildPhases = (
				BEAE2BF20FF51BE35532CA41 /* Sources */,
			);
			buildRules = (
			);
			dependencies = (
				4DCFC8E32EF677CBC76D0B16 /* PBXTargetDependency */,
			);
			fileSystemSynchronizedGroups = (
				CFCD45222F5C4DC1000D1E00 /* SamAppUITests */,
			);
			name = SamAppUITests;
			packageProductDependencies = (
			);
			productName = SamAppUITests;
			productReference = 67CBC48211835EBED4448C0B /* SamAppUITests.xctest */;
			productType = "com.apple.product-type.bundle.ui-testing";
		};
		6F0B22F52943F45E3883CC08 /* SamAppTests */ = {
			isa = PBXNativeTarget;
			buildConfigurationList = BC4A981F7E9E5CA691CCCA77 /* Build configuration list for PBXNativeTarget "SamAppTests" */;
			buildPhases = (
				B4B6AF472F3E093AA3BDEBBC /* Sources */,
			);
			buildRules = (
			);
			dependencies = (
				258CF8F554B5E7625EB6FFB2 /* PBXTargetDependency */,
			);
			fileSystemSynchronizedGroups = (
				CFCD451F2F5C4DB9000D1E00 /* SamAppTests */,
			);
			name = SamAppTests;
			packageProductDependencies = (
			);
			productName = SamAppTests;
			productReference = CE4ACC82B61BBEB6C2A7AB3A /* SamAppTests.xctest */;
			productType = "com.apple.product-type.bundle.unit-test";
		};
		77DDBDE73C0F5B68CCE8320F /* SamApp */ = {
			isa = PBXNativeTarget;
			buildConfigurationList = A58C62A9299FF4C300E5AEA6 /* Build configuration list for PBXNativeTarget "SamApp" */;
			buildPhases = (
				C9E9BA7B8FC2DF9EEDDCB5EF /* Sources */,
				4DDC49CFAAB1332DD7D4A636 /* Resources */,
				9C6088F312E8D4D2FA904AEA /* Frameworks */,
			);
			buildRules = (
			);
			dependencies = (
			);
			fileSystemSynchronizedGroups = (
				CFCD44DD2F5C4DAF000D1E00 /* SamApp */,
			);
			name = SamApp;
			packageProductDependencies = (
				6AB665CFC21326FC4E65D158 /* MarkdownUI */,
			);
			productName = SamApp;
			productReference = 3FCD83829179A6EB72DBB39C /* SamApp.app */;
			productType = "com.apple.product-type.application";
		};
/* End PBXNativeTarget section */

/* Begin PBXProject section */
		7D3D556A4EDF778F648F7C03 /* Project object */ = {
			isa = PBXProject;
			attributes = {
				BuildIndependentTargetsInParallel = YES;
				LastUpgradeCheck = 1600;
				TargetAttributes = {
					13A90444415789AA0549DF21 = {
						TestTargetID = 77DDBDE73C0F5B68CCE8320F;
					};
				};
			};
			buildConfigurationList = 076487D4F3B1FDDEEDB2492A /* Build configuration list for PBXProject "SamApp" */;
			compatibilityVersion = "Xcode 14.0";
			developmentRegion = en;
			hasScannedForEncodings = 0;
			knownRegions = (
				Base,
				en,
			);
			mainGroup = 282564E69A3AD02A45CB1E66;
			minimizedProjectReferenceProxies = 1;
			packageReferences = (
				88267B4A5C8324C8F17A3618 /* XCRemoteSwiftPackageReference "swift-markdown-ui" */,
			);
			projectDirPath = "";
			projectRoot = "";
			targets = (
				77DDBDE73C0F5B68CCE8320F /* SamApp */,
				6F0B22F52943F45E3883CC08 /* SamAppTests */,
				13A90444415789AA0549DF21 /* SamAppUITests */,
			);
		};
/* End PBXProject section */

/* Begin PBXResourcesBuildPhase section */
		4DDC49CFAAB1332DD7D4A636 /* Resources */ = {
			isa = PBXResourcesBuildPhase;
			buildActionMask = 2147483647;
			files = (
			);
			runOnlyForDeploymentPostprocessing = 0;
		};
/* End PBXResourcesBuildPhase section */

/* Begin PBXSourcesBuildPhase section */
		B4B6AF472F3E093AA3BDEBBC /* Sources */ = {
			isa = PBXSourcesBuildPhase;
			buildActionMask = 2147483647;
			files = (
			);
			runOnlyForDeploymentPostprocessing = 0;
		};
		BEAE2BF20FF51BE35532CA41 /* Sources */ = {
			isa = PBXSourcesBuildPhase;
			buildActionMask = 2147483647;
			files = (
			);
			runOnlyForDeploymentPostprocessing = 0;
		};
		C9E9BA7B8FC2DF9EEDDCB5EF /* Sources */ = {
			isa = PBXSourcesBuildPhase;
			buildActionMask = 2147483647;
			files = (
			);
			runOnlyForDeploymentPostprocessing = 0;
		};
/* End PBXSourcesBuildPhase section */

/* Begin PBXTargetDependency section */
		258CF8F554B5E7625EB6FFB2 /* PBXTargetDependency */ = {
			isa = PBXTargetDependency;
			target = 77DDBDE73C0F5B68CCE8320F /* SamApp */;
			targetProxy = A9CC3E7A7DFDA63EB180C8C8 /* PBXContainerItemProxy */;
		};
		4DCFC8E32EF677CBC76D0B16 /* PBXTargetDependency */ = {
			isa = PBXTargetDependency;
			target = 77DDBDE73C0F5B68CCE8320F /* SamApp */;
			targetProxy = F756CDC8AFB45F9015A23F91 /* PBXContainerItemProxy */;
		};
/* End PBXTargetDependency section */

/* Begin XCBuildConfiguration section */
		60D619C08F8F170576F36E46 /* Release */ = {
			isa = XCBuildConfiguration;
			buildSettings = {
				ALWAYS_SEARCH_USER_PATHS = NO;
				CLANG_ANALYZER_NONNULL = YES;
				CLANG_ANALYZER_NUMBER_OBJECT_CONVERSION = YES_AGGRESSIVE;
				CLANG_CXX_LANGUAGE_STANDARD = "gnu++14";
				CLANG_CXX_LIBRARY = "libc++";
				CLANG_ENABLE_MODULES = YES;
				CLANG_ENABLE_OBJC_ARC = YES;
				CLANG_ENABLE_OBJC_WEAK = YES;
				CLANG_WARN_BLOCK_CAPTURE_AUTORELEASING = YES;
				CLANG_WARN_BOOL_CONVERSION = YES;
				CLANG_WARN_COMMA = YES;
				CLANG_WARN_CONSTANT_CONVERSION = YES;
				CLANG_WARN_DEPRECATED_OBJC_IMPLEMENTATIONS = YES;
				CLANG_WARN_DIRECT_OBJC_ISA_USAGE = YES_ERROR;
				CLANG_WARN_DOCUMENTATION_COMMENTS = YES;
				CLANG_WARN_EMPTY_BODY = YES;
				CLANG_WARN_ENUM_CONVERSION = YES;
				CLANG_WARN_INFINITE_RECURSION = YES;
				CLANG_WARN_INT_CONVERSION = YES;
				CLANG_WARN_NON_LITERAL_NULL_CONVERSION = YES;
				CLANG_WARN_OBJC_IMPLICIT_RETAIN_SELF = YES;
				CLANG_WARN_OBJC_LITERAL_CONVERSION = YES;
				CLANG_WARN_OBJC_ROOT_CLASS = YES_ERROR;
				CLANG_WARN_QUOTED_INCLUDE_IN_FRAMEWORK_HEADER = YES;
				CLANG_WARN_RANGE_LOOP_ANALYSIS = YES;
				CLANG_WARN_STRICT_PROTOTYPES = YES;
				CLANG_WARN_SUSPICIOUS_MOVE = YES;
				CLANG_WARN_UNGUARDED_AVAILABILITY = YES_AGGRESSIVE;
				CLANG_WARN_UNREACHABLE_CODE = YES;
				CLANG_WARN__DUPLICATE_METHOD_MATCH = YES;
				COPY_PHASE_STRIP = NO;
				DEBUG_INFORMATION_FORMAT = "dwarf-with-dsym";
				ENABLE_NS_ASSERTIONS = NO;
				ENABLE_STRICT_OBJC_MSGSEND = YES;
				GCC_C_LANGUAGE_STANDARD = gnu11;
				GCC_NO_COMMON_BLOCKS = YES;
				GCC_WARN_64_TO_32_BIT_CONVERSION = YES;
				GCC_WARN_ABOUT_RETURN_TYPE = YES_ERROR;
				GCC_WARN_UNDECLARED_SELECTOR = YES;
				GCC_WARN_UNINITIALIZED_AUTOS = YES_AGGRESSIVE;
				GCC_WARN_UNUSED_FUNCTION = YES;
				GCC_WARN_UNUSED_VARIABLE = YES;
				IPHONEOS_DEPLOYMENT_TARGET = 17.0;
				MTL_ENABLE_DEBUG_INFO = NO;
				MTL_FAST_MATH = YES;
				PRODUCT_NAME = "$(TARGET_NAME)";
				SDKROOT = iphoneos;
				SWIFT_COMPILATION_MODE = wholemodule;
				SWIFT_OPTIMIZATION_LEVEL = "-O";
				SWIFT_VERSION = 5.0;
			};
			name = Release;
		};
		64B3ED26D48C8B5EF84EC30C /* Debug */ = {
			isa = XCBuildConfiguration;
			buildSettings = {
				BUNDLE_LOADER = "$(TEST_HOST)";
				LD_RUNPATH_SEARCH_PATHS = (
					"$(inherited)",
					"@executable_path/Frameworks",
					"@loader_path/Frameworks",
				);
				PRODUCT_BUNDLE_IDENTIFIER = com.sam.SamAppTests;
				SDKROOT = iphoneos;
				TARGETED_DEVICE_FAMILY = "1,2";
				TEST_HOST = "$(BUILT_PRODUCTS_DIR)/SamApp.app/SamApp";
			};
			name = Debug;
		};
		A6D336CC5672326C47289DB3 /* Release */ = {
			isa = XCBuildConfiguration;
			buildSettings = {
				BUNDLE_LOADER = "$(TEST_HOST)";
				LD_RUNPATH_SEARCH_PATHS = (
					"$(inherited)",
					"@executable_path/Frameworks",
					"@loader_path/Frameworks",
				);
				PRODUCT_BUNDLE_IDENTIFIER = com.sam.SamAppUITests;
				SDKROOT = iphoneos;
				TARGETED_DEVICE_FAMILY = "1,2";
				TEST_TARGET_NAME = SamApp;
			};
			name = Release;
		};
		ADC5D02491A518ED1F02197E /* Debug */ = {
			isa = XCBuildConfiguration;
			buildSettings = {
				ALWAYS_SEARCH_USER_PATHS = NO;
				CLANG_ANALYZER_NONNULL = YES;
				CLANG_ANALYZER_NUMBER_OBJECT_CONVERSION = YES_AGGRESSIVE;
				CLANG_CXX_LANGUAGE_STANDARD = "gnu++14";
				CLANG_CXX_LIBRARY = "libc++";
				CLANG_ENABLE_MODULES = YES;
				CLANG_ENABLE_OBJC_ARC = YES;
				CLANG_ENABLE_OBJC_WEAK = YES;
				CLANG_WARN_BLOCK_CAPTURE_AUTORELEASING = YES;
				CLANG_WARN_BOOL_CONVERSION = YES;
				CLANG_WARN_COMMA = YES;
				CLANG_WARN_CONSTANT_CONVERSION = YES;
				CLANG_WARN_DEPRECATED_OBJC_IMPLEMENTATIONS = YES;
				CLANG_WARN_DIRECT_OBJC_ISA_USAGE = YES_ERROR;
				CLANG_WARN_DOCUMENTATION_COMMENTS = YES;
				CLANG_WARN_EMPTY_BODY = YES;
				CLANG_WARN_ENUM_CONVERSION = YES;
				CLANG_WARN_INFINITE_RECURSION = YES;
				CLANG_WARN_INT_CONVERSION = YES;
				CLANG_WARN_NON_LITERAL_NULL_CONVERSION = YES;
				CLANG_WARN_OBJC_IMPLICIT_RETAIN_SELF = YES;
				CLANG_WARN_OBJC_LITERAL_CONVERSION = YES;
				CLANG_WARN_OBJC_ROOT_CLASS = YES_ERROR;
				CLANG_WARN_QUOTED_INCLUDE_IN_FRAMEWORK_HEADER = YES;
				CLANG_WARN_RANGE_LOOP_ANALYSIS = YES;
				CLANG_WARN_STRICT_PROTOTYPES = YES;
				CLANG_WARN_SUSPICIOUS_MOVE = YES;
				CLANG_WARN_UNGUARDED_AVAILABILITY = YES_AGGRESSIVE;
				CLANG_WARN_UNREACHABLE_CODE = YES;
				CLANG_WARN__DUPLICATE_METHOD_MATCH = YES;
				COPY_PHASE_STRIP = NO;
				DEBUG_INFORMATION_FORMAT = dwarf;
				ENABLE_STRICT_OBJC_MSGSEND = YES;
				ENABLE_TESTABILITY = YES;
				GCC_C_LANGUAGE_STANDARD = gnu11;
				GCC_DYNAMIC_NO_PIC = NO;
				GCC_NO_COMMON_BLOCKS = YES;
				GCC_OPTIMIZATION_LEVEL = 0;
				GCC_PREPROCESSOR_DEFINITIONS = (
					"$(inherited)",
					"DEBUG=1",
				);
				GCC_WARN_64_TO_32_BIT_CONVERSION = YES;
				GCC_WARN_ABOUT_RETURN_TYPE = YES_ERROR;
				GCC_WARN_UNDECLARED_SELECTOR = YES;
				GCC_WARN_UNINITIALIZED_AUTOS = YES_AGGRESSIVE;
				GCC_WARN_UNUSED_FUNCTION = YES;
				GCC_WARN_UNUSED_VARIABLE = YES;
				IPHONEOS_DEPLOYMENT_TARGET = 17.0;
				MTL_ENABLE_DEBUG_INFO = INCLUDE_SOURCE;
				MTL_FAST_MATH = YES;
				ONLY_ACTIVE_ARCH = YES;
				PRODUCT_NAME = "$(TARGET_NAME)";
				SDKROOT = iphoneos;
				SWIFT_ACTIVE_COMPILATION_CONDITIONS = DEBUG;
				SWIFT_OPTIMIZATION_LEVEL = "-Onone";
				SWIFT_VERSION = 5.0;
			};
			name = Debug;
		};
		B468EF545D8BAC5FC820B2DC /* Release */ = {
			isa = XCBuildConfiguration;
			buildSettings = {
				BUNDLE_LOADER = "$(TEST_HOST)";
				LD_RUNPATH_SEARCH_PATHS = (
					"$(inherited)",
					"@executable_path/Frameworks",
					"@loader_path/Frameworks",
				);
				PRODUCT_BUNDLE_IDENTIFIER = com.sam.SamAppTests;
				SDKROOT = iphoneos;
				TARGETED_DEVICE_FAMILY = "1,2";
				TEST_HOST = "$(BUILT_PRODUCTS_DIR)/SamApp.app/SamApp";
			};
			name = Release;
		};
		DB8EB5C4D2AEA8C294712F9B /* Debug */ = {
			isa = XCBuildConfiguration;
			buildSettings = {
				BUNDLE_LOADER = "$(TEST_HOST)";
				LD_RUNPATH_SEARCH_PATHS = (
					"$(inherited)",
					"@executable_path/Frameworks",
					"@loader_path/Frameworks",
				);
				PRODUCT_BUNDLE_IDENTIFIER = com.sam.SamAppUITests;
				SDKROOT = iphoneos;
				TARGETED_DEVICE_FAMILY = "1,2";
				TEST_TARGET_NAME = SamApp;
			};
			name = Debug;
		};
		E2C532D283EA819C82FCB15B /* Release */ = {
			isa = XCBuildConfiguration;
			buildSettings = {
				ASSETCATALOG_COMPILER_APPICON_NAME = AppIcon;
				CODE_SIGN_IDENTITY = "iPhone Developer";
				DEVELOPMENT_TEAM = 7BHS5W276Y;
				GENERATE_INFOPLIST_FILE = YES;
				INFOPLIST_KEY_UIApplicationSceneManifest_Generation = YES;
				INFOPLIST_KEY_UIApplicationSupportsIndirectInputEvents = YES;
				INFOPLIST_KEY_UILaunchScreen_Generation = YES;
				INFOPLIST_KEY_UISupportedInterfaceOrientations_iPad = "UIInterfaceOrientationPortrait UIInterfaceOrientationPortraitUpsideDown UIInterfaceOrientationLandscapeLeft UIInterfaceOrientationLandscapeRight";
				INFOPLIST_KEY_UISupportedInterfaceOrientations_iPhone = "UIInterfaceOrientationPortrait UIInterfaceOrientationLandscapeLeft UIInterfaceOrientationLandscapeRight";
				LD_RUNPATH_SEARCH_PATHS = (
					"$(inherited)",
					"@executable_path/Frameworks",
				);
				PRODUCT_BUNDLE_IDENTIFIER = com.offbeatengineer.sam;
				SDKROOT = iphoneos;
				SWIFT_VERSION = 5.9;
				TARGETED_DEVICE_FAMILY = "1,2";
			};
			name = Release;
		};
		F8D2DFD9C7BACC93554220EA /* Debug */ = {
			isa = XCBuildConfiguration;
			buildSettings = {
				ASSETCATALOG_COMPILER_APPICON_NAME = AppIcon;
				CODE_SIGN_IDENTITY = "iPhone Developer";
				DEVELOPMENT_TEAM = 7BHS5W276Y;
				GENERATE_INFOPLIST_FILE = YES;
				INFOPLIST_KEY_UIApplicationSceneManifest_Generation = YES;
				INFOPLIST_KEY_UIApplicationSupportsIndirectInputEvents = YES;
				INFOPLIST_KEY_UILaunchScreen_Generation = YES;
				INFOPLIST_KEY_UISupportedInterfaceOrientations_iPad = "UIInterfaceOrientationPortrait UIInterfaceOrientationPortraitUpsideDown UIInterfaceOrientationLandscapeLeft UIInterfaceOrientationLandscapeRight";
				INFOPLIST_KEY_UISupportedInterfaceOrientations_iPhone = "UIInterfaceOrientationPortrait UIInterfaceOrientationLandscapeLeft UIInterfaceOrientationLandscapeRight";
				LD_RUNPATH_SEARCH_PATHS = (
					"$(inherited)",
					"@executable_path/Frameworks",
				);
				PRODUCT_BUNDLE_IDENTIFIER = com.offbeatengineer.sam;
				SDKROOT = iphoneos;
				SWIFT_VERSION = 5.9;
				TARGETED_DEVICE_FAMILY = "1,2";
			};
			name = Debug;
		};
/* End XCBuildConfiguration section */

/* Begin XCConfigurationList section */
		076487D4F3B1FDDEEDB2492A /* Build configuration list for PBXProject "SamApp" */ = {
			isa = XCConfigurationList;
			buildConfigurations = (
				ADC5D02491A518ED1F02197E /* Debug */,
				60D619C08F8F170576F36E46 /* Release */,
			);
			defaultConfigurationIsVisible = 0;
			defaultConfigurationName = Debug;
		};
		A58C62A9299FF4C300E5AEA6 /* Build configuration list for PBXNativeTarget "SamApp" */ = {
			isa = XCConfigurationList;
			buildConfigurations = (
				F8D2DFD9C7BACC93554220EA /* Debug */,
				E2C532D283EA819C82FCB15B /* Release */,
			);
			defaultConfigurationIsVisible = 0;
			defaultConfigurationName = Debug;
		};
		BC4A981F7E9E5CA691CCCA77 /* Build configuration list for PBXNativeTarget "SamAppTests" */ = {
			isa = XCConfigurationList;
			buildConfigurations = (
				64B3ED26D48C8B5EF84EC30C /* Debug */,
				B468EF545D8BAC5FC820B2DC /* Release */,
			);
			defaultConfigurationIsVisible = 0;
			defaultConfigurationName = Debug;
		};
		DC551195904633A12E5B0EC0 /* Build configuration list for PBXNativeTarget "SamAppUITests" */ = {
			isa = XCConfigurationList;
			buildConfigurations = (
				DB8EB5C4D2AEA8C294712F9B /* Debug */,
				A6D336CC5672326C47289DB3 /* Release */,
			);
			defaultConfigurationIsVisible = 0;
			defaultConfigurationName = Debug;
		};
/* End XCConfigurationList section */

/* Begin XCRemoteSwiftPackageReference section */
		88267B4A5C8324C8F17A3618 /* XCRemoteSwiftPackageReference "swift-markdown-ui" */ = {
			isa = XCRemoteSwiftPackageReference;
			repositoryURL = "https://github.com/gonzalezreal/swift-markdown-ui";
			requirement = {
				kind = upToNextMajorVersion;
				minimumVersion = 2.3.0;
			};
		};
/* End XCRemoteSwiftPackageReference section */

/* Begin XCSwiftPackageProductDependency section */
		6AB665CFC21326FC4E65D158 /* MarkdownUI */ = {
			isa = XCSwiftPackageProductDependency;
			package = 88267B4A5C8324C8F17A3618 /* XCRemoteSwiftPackageReference "swift-markdown-ui" */;
			productName = MarkdownUI;
		};
/* End XCSwiftPackageProductDependency section */
	};
	rootObject = 7D3D556A4EDF778F648F7C03 /* Project object */;
}
